
Microsoft Visual Studio Solution File, Format Version 12.00
# Visual Studio Version 17
VisualStudioVersion = 17.7.34202.233
MinimumVisualStudioVersion = 10.0.40219.1
Project("{FAE04EC0-301F-11D3-BF4B-00C04F79EFBC}") = "лаб11", "25.11.23\лаб11.csproj", "{DB5448B6-41CE-43E5-A587-0F6DA2A9975D}"
EndProject
Project("{FAE04EC0-301F-11D3-BF4B-00C04F79EFBC}") = "лаб12", "лаб12\лаб12.csproj", "{F21B3EEB-B5E7-41DB-8B7C-1B8C11F3FEA4}"
EndProject
Project("{FAE04EC0-301F-11D3-BF4B-00C04F79EFBC}") = "1task", "1task\1task.csproj", "{2DE5D21E-2572-4CFD-8950-B1E808A41349}"
EndProject
Global
	GlobalSection(SolutionConfigurationPlatforms) = preSolution
		Debug|Any CPU = Debug|Any CPU
		Release|Any CPU = Release|Any CPU
	EndGlobalSection
	GlobalSection(ProjectConfigurationPlatforms) = postSolution
		{DB5448B6-41CE-43E5-A587-0F6DA2A9975D}.Debug|Any CPU.ActiveCfg = Debug|Any CPU
		{DB5448B6-41CE-43E5-A587-0F6DA2A9975D}.Debug|Any CPU.Build.0 = Debug|Any CPU
		{DB5448B6-41CE-43E5-A587-0F6DA2A9975D}.Release|Any CPU.ActiveCfg = Release|Any CPU
		{DB5448B6-41CE-43E5-A587-0F6DA2A9975D}.Release|Any CPU.Build.0 = Release|Any CPU
		{F21B3EEB-B5E7-41DB-8B7C-1B8C11F3FEA4}.Debug|Any CPU.ActiveCfg = Debug|Any CPU
		{F21B3EEB-B5E7-41DB-8B7C-1B8C11F3FEA4}.Debug|Any CPU.Build.0 = Debug|Any CPU
		{F21B3EEB-B5E7-41DB-8B7C-1B8C11F3FEA4}.Release|Any CPU.ActiveCfg = Release|Any CPU
		{F21B3EEB-B5E7-41DB-8B7C-1B8C11F3FEA4}.Release|Any CPU.Build.0 = Release|Any CPU
		{2DE5D21E-2572-4CFD-8950-B1E808A41349}.Debug|Any CPU.ActiveCfg = Debug|Any CPU
		{2DE5D21E-2572-4CFD-8950-B1E808A41349}.Debug|Any CPU.Build.0 = Debug|Any CPU
		{2DE5D21E-2572-4CFD-8950-B1E808A41349}.Release|Any CPU.ActiveCfg = Release|Any CPU
		{2DE5D21E-2572-4CFD-8950-B1E808A41349}.Release|Any CPU.Build.0 = Release|Any CPU
	EndGlobalSection
	GlobalSection(SolutionProperties) = preSolution
		HideSolutionNode = FALSE
	EndGlobalSection
	GlobalSection(ExtensibilityGlobals) = postSolution
		SolutionGuid = {54FC3FEA-A691-4EC0-88D4-773A01AF5E05}
	EndGlobalSection
EndGlobal
